%{
  "elixir_make": {:hex, :elixir_make, "0.6.2", "7dffacd77dec4c37b39af867cedaabb0b59f6a871f89722c25b28fcd4bd70530", [:mix], [], "hexpm", "03e49eadda22526a7e5279d53321d1cced6552f344ba4e03e619063de75348d9"},
  "nerves": {:git, "https://github.com/axelson/nerves.git", "bb94df35eec17c66cc06fe1f9b5bcf3045a08c9c", [branch: "debug"]},
  "nerves_toolchain_ctng": {:hex, :nerves_toolchain_ctng, "1.8.3", "b5f3c91f84deced0dadfcce1265660bc2aab9a7b042953146a8fb053201894b7", [:mix], [{:nerves, "~> 1.0", [hex: :nerves, repo: "hexpm", optional: false]}], "hexpm", "6c50fafed0f7b8681dfbb54ca17c6f7fadd939ef7893159c2e9d32c862fa0e1e"},
}
