%{"distillery": {:hex, :distillery, "1.4.1", "546d851bf27ae8fe0727e10e4fc4e146ad836eecee138263a60431e688044ed3", [:mix], [], "hexpm"},
  "nerves": {:hex, :nerves, "0.7.1", "2de3f2a7d05a6748d8fc1db6c64639b103185ebfa551a2516f9acfeb6177dae5", [:mix], [{:distillery, "~> 1.4", [hex: :distillery, repo: "hexpm", optional: false]}], "hexpm"},
  "nerves_toolchain_ctng": {:hex, :nerves_toolchain_ctng, "1.0.0", "925d8b84d41ef44ecf8ed88f0b472291364908e6b949c6c424fcb1e31fff4b8a", [:mix], [], "hexpm"}}
