%{
  "elixir_make": {:hex, :elixir_make, "0.6.2", "7dffacd77dec4c37b39af867cedaabb0b59f6a871f89722c25b28fcd4bd70530", [:mix], [], "hexpm", "03e49eadda22526a7e5279d53321d1cced6552f344ba4e03e619063de75348d9"},
  "nerves": {:hex, :nerves, "1.7.2", "8a840b37343bf13600efa25adc082cd07ef9a03e7ec9907a48583a469b8e1db5", [:make, :mix], [{:elixir_make, "~> 0.6", [hex: :elixir_make, repo: "hexpm", optional: false]}, {:jason, "~> 1.2", [hex: :jason, repo: "hexpm", optional: true]}], "hexpm", "e32d58778bee9c13349b1d3ab1153f7fcf3a8d761dac06f41d70064fc9e0afb8"},
  "nerves_toolchain_ctng": {:hex, :nerves_toolchain_ctng, "1.8.2", "66163f4fb90aa40cabae5700e516fdf40708d260334c4674514413d7cb585dbb", [:mix], [{:nerves, "~> 1.0", [hex: :nerves, repo: "hexpm", optional: false]}], "hexpm", "9734237608269d2d649cc67ebb7bcb605bb122259a7cea17dadcf8204f467638"},
}
