%{
  "nerves": {:hex, :nerves, "1.6.0", "57c39740659993a51a50184be2843f36f0df42d51e4ef0c1ccd4bd731b3710d8", [:mix], [{:distillery, "~> 2.1", [hex: :distillery, repo: "hexpm", optional: true]}, {:jason, "~> 1.0", [hex: :jason, repo: "hexpm", optional: true]}], "hexpm", "bb388c21249943580f70ccf1845b9793fe35e321d2ea212085097c698b1c78b9"},
}
