%{
  "nerves": {:hex, :nerves, "1.5.4", "d5a2a29a642e92277d5680f40d0fadff17796e75faa82de87ba0bc920ffcf818", [:mix], [{:distillery, "~> 2.1", [hex: :distillery, repo: "hexpm", optional: true]}, {:jason, "~> 1.0", [hex: :jason, repo: "hexpm", optional: true]}], "hexpm", "283ce855f369ff209f3358d25e58f1ac941d58aef3ce7e8cc0be9919d25bf4f5"},
}
