%{"distillery": {:hex, :distillery, "1.0.0", "a866a72bf2a3a5f078f5a249017ed951acda88a760d200512f91f585d74db1ec", [:mix], []},
  "nerves": {:hex, :nerves, "0.4.0", "ea9f281f84573d3a3b060dbc1135bdcf6304cb87a23b7509187b949bfe1d9a52", [:mix], [{:distillery, "~> 1.0.0", [hex: :distillery, optional: false]}]},
  "nerves_toolchain_ctng": {:hex, :nerves_toolchain_ctng, "0.9.0", "825b2b5bbacc3ad20c8513baafd44978616d5b451e6e052cdb727be81e7cdcac", [:mix], []}}
