%{"distillery": {:hex, :distillery, "1.5.2", "eec18b2d37b55b0bcb670cf2bcf64228ed38ce8b046bb30a9b636a6f5a4c0080", [], [], "hexpm"},
  "nerves": {:hex, :nerves, "0.8.0", "d46176a769dba6536de80d55e947134849de41c3a57151eff20da0ab0cfb0b4e", [], [{:distillery, "~> 1.4", [hex: :distillery, repo: "hexpm", optional: false]}], "hexpm"},
  "nerves_toolchain_ctng": {:hex, :nerves_toolchain_ctng, "1.2.0", "ee7fafe2ba64f10330993dbfbee942d064905c3a5f746076c098e5a61e4aab01", [:mix], [], "hexpm"}}
