%{
  "castore": {:hex, :castore, "0.1.20", "62a0126cbb7cb3e259257827b9190f88316eb7aa3fdac01fd6f2dfd64e7f46e9", [:mix], [], "hexpm", "a020b7650529c986c454a4035b6b13a328e288466986307bea3aadb4c95ac98a"},
  "elixir_make": {:hex, :elixir_make, "0.7.2", "e83548b0500e654d1a595f1134af4862a2e92ec3282ec4c2a17641e9aa45ee73", [:mix], [{:castore, "~> 0.1", [hex: :castore, repo: "hexpm", optional: true]}], "hexpm", "05fb44abf9582381c2eb1b73d485a55288c581071de0ee3ee1084ee69d6a8e5f"},
  "nerves": {:hex, :nerves, "1.9.1", "09cfd3589af81c4b1ac35179aee5f6d94bde36548a905c2d4d4efa9ff311222e", [:make, :mix], [{:castore, "~> 0.1", [hex: :castore, repo: "hexpm", optional: false]}, {:elixir_make, "~> 0.6", [hex: :elixir_make, repo: "hexpm", optional: false]}, {:jason, "~> 1.2", [hex: :jason, repo: "hexpm", optional: true]}], "hexpm", "011409116923e1dbab250a6dc241ab529790163233c44e374ff352af72d09a56"},
  "nerves_toolchain_ctng": {:hex, :nerves_toolchain_ctng, "1.9.2", "5c0556175d03ea1d70dce66f26c4cebb5f63ecbbf4bd8f265202af818505e8ea", [:mix], [{:nerves, "~> 1.0", [hex: :nerves, repo: "hexpm", optional: false]}], "hexpm", "3a058db641b0d3c0a93867459a2655fdf8f005eded6f5fb0575b279b1887b0ed"},
}
