%{"distillery": {:hex, :distillery, "1.0.0", "a866a72bf2a3a5f078f5a249017ed951acda88a760d200512f91f585d74db1ec", [:mix], []},
  "nerves": {:git, "https://github.com/nerves-project/nerves.git", "6081002f5cfc04176ef702af276922636b61e751", []},
  "nerves_toolchain_ctng": {:git, "https://github.com/nerves-project/toolchains.git", "473e1e5890bbf627e0df4c217225eecb34ca0eb7", [sparse: "nerves_toolchain_ctng"]}}
