%{
  "castore": {:hex, :castore, "0.1.17", "ba672681de4e51ed8ec1f74ed624d104c0db72742ea1a5e74edbc770c815182f", [:mix], [], "hexpm", "d9844227ed52d26e7519224525cb6868650c272d4a3d327ce3ca5570c12163f9"},
  "elixir_make": {:hex, :elixir_make, "0.6.3", "bc07d53221216838d79e03a8019d0839786703129599e9619f4ab74c8c096eac", [:mix], [], "hexpm", "f5cbd651c5678bcaabdbb7857658ee106b12509cd976c2c2fca99688e1daf716"},
  "nerves": {:hex, :nerves, "1.7.16", "a98004a89c1cf47a9ad022c9c1a46b272ca690030914c19c1709679d671a520c", [:make, :mix], [{:castore, "~> 0.1", [hex: :castore, repo: "hexpm", optional: false]}, {:elixir_make, "~> 0.6", [hex: :elixir_make, repo: "hexpm", optional: false]}, {:jason, "~> 1.2", [hex: :jason, repo: "hexpm", optional: true]}], "hexpm", "ebad8305a3d24ea22a20d9ce779f56a5006d222d74ce9cafe4a6dccaed88ec2d"},
  "nerves_toolchain_ctng": {:hex, :nerves_toolchain_ctng, "1.8.5", "f2dfd6e3b5f85889561b9f00c71510eea87c3d05760d20780285deb3c29ca212", [:mix], [{:nerves, "~> 1.0", [hex: :nerves, repo: "hexpm", optional: false]}], "hexpm", "2f65b1866f034054f3d61ee672b6d02f4de1d0b40bef74f49527b98ab46a39fc"},
}
