%{
  "elixir_make": {:hex, :elixir_make, "0.6.2", "7dffacd77dec4c37b39af867cedaabb0b59f6a871f89722c25b28fcd4bd70530", [:mix], [], "hexpm", "03e49eadda22526a7e5279d53321d1cced6552f344ba4e03e619063de75348d9"},
  "nerves": {:hex, :nerves, "1.7.8", "91bd11c20600503cedce288a13eecf1c9b8653921fdd88715a2e4e09456b4c18", [:make, :mix], [{:elixir_make, "~> 0.6", [hex: :elixir_make, repo: "hexpm", optional: false]}, {:jason, "~> 1.2", [hex: :jason, repo: "hexpm", optional: true]}], "hexpm", "af9b6b1e19e4187a79aa925c03d576e7f1cf03cd6fbf09a7d9ded7d3422c591a"},
  "nerves_toolchain_ctng": {:hex, :nerves_toolchain_ctng, "1.8.4", "2f6b4153e3904502d117f9d957c12eaafd490e1d2bdf20a85328ada46a1350da", [:mix], [{:nerves, "~> 1.0", [hex: :nerves, repo: "hexpm", optional: false]}], "hexpm", "6194be9b1364fdc1db6b2a0e98fa8dcb94fe1af373dcf8149298d62ce9b1b369"},
}
