%{
  "castore": {:hex, :castore, "1.0.17", "4f9770d2d45fbd91dcf6bd404cf64e7e58fed04fadda0923dc32acca0badffa2", [:mix], [], "hexpm", "12d24b9d80b910dd3953e165636d68f147a31db945d2dcb9365e441f8b5351e5"},
  "elixir_make": {:hex, :elixir_make, "0.9.0", "6484b3cd8c0cee58f09f05ecaf1a140a8c97670671a6a0e7ab4dc326c3109726", [:mix], [], "hexpm", "db23d4fd8b757462ad02f8aa73431a426fe6671c80b200d9710caf3d1dd0ffdb"},
  "interactive_cmd": {:hex, :interactive_cmd, "0.1.2", "436410e31021010941fecf7c3da85064be41128a9f54cb7e29d30df29b2ae281", [:mix], [], "hexpm", "0eeca10e76659293b43227d3253e47f4911964f5141975b7556f567f960e7052"},
  "jason": {:hex, :jason, "1.4.4", "b9226785a9aa77b6857ca22832cffa5d5011a667207eb2a0ad56adb5db443b8a", [:mix], [{:decimal, "~> 1.0 or ~> 2.0", [hex: :decimal, repo: "hexpm", optional: true]}], "hexpm", "c5eb0cab91f094599f94d55bc63409236a8ec69a21a67814529e8d5f6cc90b3b"},
  "nerves": {:hex, :nerves, "1.13.1", "97cb6ddb1d1a9c29379ac7874948cfd788d19c1b558ce7a6a32c82d845679668", [:make, :mix], [{:castore, "~> 0.1 or ~> 1.0", [hex: :castore, repo: "hexpm", optional: false]}, {:elixir_make, "~> 0.6", [hex: :elixir_make, repo: "hexpm", optional: false]}, {:interactive_cmd, "~> 0.1.2", [hex: :interactive_cmd, repo: "hexpm", optional: false]}, {:jason, "~> 1.2", [hex: :jason, repo: "hexpm", optional: false]}, {:nerves_discovery, "~> 0.1.1", [hex: :nerves_discovery, repo: "hexpm", optional: false]}, {:tablet, "~> 0.3.1", [hex: :tablet, repo: "hexpm", optional: false]}], "hexpm", "1af8d4ed4fa7fbbf9e624a7a8d04ec57546eff88b1e83e150cdd7176057f4b5a"},
  "nerves_discovery": {:hex, :nerves_discovery, "0.1.1", "ec5b41e164754cae1edba0c32d887739d1cdf677282c729f7c6ef9ec29fb4136", [:mix], [], "hexpm", "01008258f60637d47c5c35e94bdf4ca8588da0a55156562508789316f17b8b5e"},
  "tablet": {:hex, :tablet, "0.3.1", "7f09f2483d9dfb81f5695cad7be6e357d1783c3e8fb99c97d63f1a1eccea4836", [:mix], [], "hexpm", "c4d148d1da2dd0a22f21e0eccfef1b6a438652ddef401766db0adc1b3ea7f830"},
}
