%{"distillery": {:hex, :distillery, "1.4.1", "546d851bf27ae8fe0727e10e4fc4e146ad836eecee138263a60431e688044ed3", [:mix], [], "hexpm"},
  "nerves": {:git, "https://github.com/nerves-project/nerves.git", "55c76ff891032179bb14c5ec71f47fa210dd857d", []},
  "nerves_toolchain_ctng": {:hex, :nerves_toolchain_ctng, "1.1.0", "0f03e4a3f3beef5fe271de0148b9f106c417e57f303f635c21c74b4bd6eb68ee", [:mix], [], "hexpm"}}
